
Microsoft Visual Studio Solution File, Format Version 12.00
# Visual Studio Version 17
VisualStudioVersion = 17.1.32210.238
MinimumVisualStudioVersion = 10.0.40219.1
Project("{FAE04EC0-301F-11D3-BF4B-00C04F79EFBC}") = "DiscordBot v2.0", "DiscordBot v2.0\DiscordBot v2.0.csproj", "{8F4D1306-E2DF-4A0D-8037-CDE53EDF1CFE}"
EndProject
Global
	GlobalSection(SolutionConfigurationPlatforms) = preSolution
		Debug|Any CPU = Debug|Any CPU
		Release|Any CPU = Release|Any CPU
	EndGlobalSection
	GlobalSection(ProjectConfigurationPlatforms) = postSolution
		{8F4D1306-E2DF-4A0D-8037-CDE53EDF1CFE}.Debug|Any CPU.ActiveCfg = Debug|Any CPU
		{8F4D1306-E2DF-4A0D-8037-CDE53EDF1CFE}.Debug|Any CPU.Build.0 = Debug|Any CPU
		{8F4D1306-E2DF-4A0D-8037-CDE53EDF1CFE}.Release|Any CPU.ActiveCfg = Release|Any CPU
		{8F4D1306-E2DF-4A0D-8037-CDE53EDF1CFE}.Release|Any CPU.Build.0 = Release|Any CPU
	EndGlobalSection
	GlobalSection(SolutionProperties) = preSolution
		HideSolutionNode = FALSE
	EndGlobalSection
	GlobalSection(ExtensibilityGlobals) = postSolution
		SolutionGuid = {DE172875-1169-48BD-ADCD-4B1F64192763}
	EndGlobalSection
EndGlobal
